{
  "nodes": {
    "nix-darwin": {
      "inputs": {
        "nixpkgs": [
          "nixpkgs"
        ]
      },
      "locked": {
        "lastModified": 1720599442,
        "narHash": "sha256-jdm+sKVbBXoyrxcHbVaV0htlpq2iFR+eJw3Xe/DPcDo=",
        "owner": "LnL7",
        "repo": "nix-darwin",
        "rev": "cf297a8d248db6a455b60133f6c0029c04ebe50e",
        "type": "github"
      },
      "original": {
        "owner": "LnL7",
        "repo": "nix-darwin",
        "type": "github"
      }
    },
    "nixpkgs": {
      "locked": {
        "lastModified": 1720599075,
        "narHash": "sha256-0pS6J6Jr7PEkjxkGolrWvilDIlgcEnMHAG9vxPuBeoE=",
        "owner": "NixOS",
        "repo": "nixpkgs",
        "rev": "f694c70847dff1a24c29d2ff6b90966fe5619729",
        "type": "github"
      },
      "original": {
        "owner": "NixOS",
        "ref": "nixpkgs-24.05-darwin",
        "repo": "nixpkgs",
        "type": "github"
      }
    },
    "root": {
      "inputs": {
        "nix-darwin": "nix-darwin",
        "nixpkgs": "nixpkgs"
      }
    }
  },
  "root": "root",
  "version": 7
}
